
Microsoft Visual Studio Solution File, Format Version 12.00
# Visual Studio 15
VisualStudioVersion = 15.0.26430.16
MinimumVisualStudioVersion = 10.0.40219.1
Project("{FAE04EC0-301F-11D3-BF4B-00C04F79EFBC}") = "Resurrection", "Resurrection\Resurrection.csproj", "{208F5FCC-BEEC-463D-A3BD-631CD7EC5027}"
EndProject
Project("{FAE04EC0-301F-11D3-BF4B-00C04F79EFBC}") = "Icarus", "Icarus\Icarus.csproj", "{D4659321-B362-4CE5-AC58-C069F7E6ED63}"
EndProject
Project("{FAE04EC0-301F-11D3-BF4B-00C04F79EFBC}") = "Phoenix Grid", "Phoenix Grid\Phoenix Grid.csproj", "{C890F5A0-34E0-4AB2-86B4-5F1248DDEBAB}"
EndProject
Project("{FAE04EC0-301F-11D3-BF4B-00C04F79EFBC}") = "CODE - Phoenix", "CODE - Phoenix\CODE - Phoenix.csproj", "{7D4BCF44-19FD-4A43-9822-A6E5232EBC7B}"
EndProject
Global
	GlobalSection(SolutionConfigurationPlatforms) = preSolution
		Debug|Any CPU = Debug|Any CPU
		Release|Any CPU = Release|Any CPU
	EndGlobalSection
	GlobalSection(ProjectConfigurationPlatforms) = postSolution
		{208F5FCC-BEEC-463D-A3BD-631CD7EC5027}.Debug|Any CPU.ActiveCfg = Debug|Any CPU
		{208F5FCC-BEEC-463D-A3BD-631CD7EC5027}.Debug|Any CPU.Build.0 = Debug|Any CPU
		{208F5FCC-BEEC-463D-A3BD-631CD7EC5027}.Release|Any CPU.ActiveCfg = Release|Any CPU
		{208F5FCC-BEEC-463D-A3BD-631CD7EC5027}.Release|Any CPU.Build.0 = Release|Any CPU
		{D4659321-B362-4CE5-AC58-C069F7E6ED63}.Debug|Any CPU.ActiveCfg = Debug|Any CPU
		{D4659321-B362-4CE5-AC58-C069F7E6ED63}.Debug|Any CPU.Build.0 = Debug|Any CPU
		{D4659321-B362-4CE5-AC58-C069F7E6ED63}.Release|Any CPU.ActiveCfg = Release|Any CPU
		{D4659321-B362-4CE5-AC58-C069F7E6ED63}.Release|Any CPU.Build.0 = Release|Any CPU
		{C890F5A0-34E0-4AB2-86B4-5F1248DDEBAB}.Debug|Any CPU.ActiveCfg = Debug|Any CPU
		{C890F5A0-34E0-4AB2-86B4-5F1248DDEBAB}.Debug|Any CPU.Build.0 = Debug|Any CPU
		{C890F5A0-34E0-4AB2-86B4-5F1248DDEBAB}.Release|Any CPU.ActiveCfg = Release|Any CPU
		{C890F5A0-34E0-4AB2-86B4-5F1248DDEBAB}.Release|Any CPU.Build.0 = Release|Any CPU
		{7D4BCF44-19FD-4A43-9822-A6E5232EBC7B}.Debug|Any CPU.ActiveCfg = Debug|Any CPU
		{7D4BCF44-19FD-4A43-9822-A6E5232EBC7B}.Debug|Any CPU.Build.0 = Debug|Any CPU
		{7D4BCF44-19FD-4A43-9822-A6E5232EBC7B}.Release|Any CPU.ActiveCfg = Release|Any CPU
		{7D4BCF44-19FD-4A43-9822-A6E5232EBC7B}.Release|Any CPU.Build.0 = Release|Any CPU
	EndGlobalSection
	GlobalSection(SolutionProperties) = preSolution
		HideSolutionNode = FALSE
	EndGlobalSection
EndGlobal
