
Microsoft Visual Studio Solution File, Format Version 12.00
# Visual Studio 15
VisualStudioVersion = 15.0.26730.16
MinimumVisualStudioVersion = 10.0.40219.1
Project("{FAE04EC0-301F-11D3-BF4B-00C04F79EFBC}") = "01. RemoveNegativesAndReverse", "01. RemoveNegativesAndReverse\01. RemoveNegativesAndReverse.csproj", "{CFFCD581-0D3E-42F8-8F46-86AF357E48F9}"
EndProject
Project("{FAE04EC0-301F-11D3-BF4B-00C04F79EFBC}") = "02. AppendLists", "02. AppendLists\02. AppendLists.csproj", "{B79B91C2-F02F-427C-8320-6D7B26124E17}"
EndProject
Project("{FAE04EC0-301F-11D3-BF4B-00C04F79EFBC}") = "03. SumAdjacentEqualNumbers", "03. SumAdjacentEqualNumbers\03. SumAdjacentEqualNumbers.csproj", "{98822EFC-ECE8-4B44-BD92-967540986C76}"
EndProject
Project("{FAE04EC0-301F-11D3-BF4B-00C04F79EFBC}") = "04. SplitByWordCasing", "04. SplitByWordCasing\04. SplitByWordCasing.csproj", "{6406D65D-6A35-4D89-B9D4-83B34A7289D1}"
EndProject
Project("{FAE04EC0-301F-11D3-BF4B-00C04F79EFBC}") = "05. SortNumbers", "05. SortNumbers\05. SortNumbers.csproj", "{6F68A451-BE29-4E36-8CEF-3AC303442404}"
EndProject
Project("{FAE04EC0-301F-11D3-BF4B-00C04F79EFBC}") = "06. SquareNumbers", "06. SquareNumbers\06. SquareNumbers.csproj", "{491E0AD3-8E44-4CA0-8EF0-CACCE1044075}"
EndProject
Project("{FAE04EC0-301F-11D3-BF4B-00C04F79EFBC}") = "07. CountNumbers", "07. CountNumbers\07. CountNumbers.csproj", "{9CF00A74-9B5B-4BF4-8CB5-0B8DD6E50FFD}"
EndProject
Global
	GlobalSection(SolutionConfigurationPlatforms) = preSolution
		Debug|Any CPU = Debug|Any CPU
		Release|Any CPU = Release|Any CPU
	EndGlobalSection
	GlobalSection(ProjectConfigurationPlatforms) = postSolution
		{CFFCD581-0D3E-42F8-8F46-86AF357E48F9}.Debug|Any CPU.ActiveCfg = Debug|Any CPU
		{CFFCD581-0D3E-42F8-8F46-86AF357E48F9}.Debug|Any CPU.Build.0 = Debug|Any CPU
		{CFFCD581-0D3E-42F8-8F46-86AF357E48F9}.Release|Any CPU.ActiveCfg = Release|Any CPU
		{CFFCD581-0D3E-42F8-8F46-86AF357E48F9}.Release|Any CPU.Build.0 = Release|Any CPU
		{B79B91C2-F02F-427C-8320-6D7B26124E17}.Debug|Any CPU.ActiveCfg = Debug|Any CPU
		{B79B91C2-F02F-427C-8320-6D7B26124E17}.Debug|Any CPU.Build.0 = Debug|Any CPU
		{B79B91C2-F02F-427C-8320-6D7B26124E17}.Release|Any CPU.ActiveCfg = Release|Any CPU
		{B79B91C2-F02F-427C-8320-6D7B26124E17}.Release|Any CPU.Build.0 = Release|Any CPU
		{98822EFC-ECE8-4B44-BD92-967540986C76}.Debug|Any CPU.ActiveCfg = Debug|Any CPU
		{98822EFC-ECE8-4B44-BD92-967540986C76}.Debug|Any CPU.Build.0 = Debug|Any CPU
		{98822EFC-ECE8-4B44-BD92-967540986C76}.Release|Any CPU.ActiveCfg = Release|Any CPU
		{98822EFC-ECE8-4B44-BD92-967540986C76}.Release|Any CPU.Build.0 = Release|Any CPU
		{6406D65D-6A35-4D89-B9D4-83B34A7289D1}.Debug|Any CPU.ActiveCfg = Debug|Any CPU
		{6406D65D-6A35-4D89-B9D4-83B34A7289D1}.Debug|Any CPU.Build.0 = Debug|Any CPU
		{6406D65D-6A35-4D89-B9D4-83B34A7289D1}.Release|Any CPU.ActiveCfg = Release|Any CPU
		{6406D65D-6A35-4D89-B9D4-83B34A7289D1}.Release|Any CPU.Build.0 = Release|Any CPU
		{6F68A451-BE29-4E36-8CEF-3AC303442404}.Debug|Any CPU.ActiveCfg = Debug|Any CPU
		{6F68A451-BE29-4E36-8CEF-3AC303442404}.Debug|Any CPU.Build.0 = Debug|Any CPU
		{6F68A451-BE29-4E36-8CEF-3AC303442404}.Release|Any CPU.ActiveCfg = Release|Any CPU
		{6F68A451-BE29-4E36-8CEF-3AC303442404}.Release|Any CPU.Build.0 = Release|Any CPU
		{491E0AD3-8E44-4CA0-8EF0-CACCE1044075}.Debug|Any CPU.ActiveCfg = Debug|Any CPU
		{491E0AD3-8E44-4CA0-8EF0-CACCE1044075}.Debug|Any CPU.Build.0 = Debug|Any CPU
		{491E0AD3-8E44-4CA0-8EF0-CACCE1044075}.Release|Any CPU.ActiveCfg = Release|Any CPU
		{491E0AD3-8E44-4CA0-8EF0-CACCE1044075}.Release|Any CPU.Build.0 = Release|Any CPU
		{9CF00A74-9B5B-4BF4-8CB5-0B8DD6E50FFD}.Debug|Any CPU.ActiveCfg = Debug|Any CPU
		{9CF00A74-9B5B-4BF4-8CB5-0B8DD6E50FFD}.Debug|Any CPU.Build.0 = Debug|Any CPU
		{9CF00A74-9B5B-4BF4-8CB5-0B8DD6E50FFD}.Release|Any CPU.ActiveCfg = Release|Any CPU
		{9CF00A74-9B5B-4BF4-8CB5-0B8DD6E50FFD}.Release|Any CPU.Build.0 = Release|Any CPU
	EndGlobalSection
	GlobalSection(SolutionProperties) = preSolution
		HideSolutionNode = FALSE
	EndGlobalSection
	GlobalSection(ExtensibilityGlobals) = postSolution
		SolutionGuid = {B6F7E54C-A286-4C2B-94FD-D9C9EC033FB6}
	EndGlobalSection
EndGlobal
