
Microsoft Visual Studio Solution File, Format Version 12.00
# Visual Studio 15
VisualStudioVersion = 15.0.26730.16
MinimumVisualStudioVersion = 10.0.40219.1
Project("{FAE04EC0-301F-11D3-BF4B-00C04F79EFBC}") = "01. Greeting", "01. Greeting\01. Greeting.csproj", "{8DCB5FE7-3AD9-46AA-975D-A7E8350ACE96}"
EndProject
Project("{FAE04EC0-301F-11D3-BF4B-00C04F79EFBC}") = "02. AddTwoNumbers", "02. AddTwoNumbers\02. AddTwoNumbers.csproj", "{4EAF9D94-EAD9-47D9-B666-388034A0F454}"
EndProject
Project("{FAE04EC0-301F-11D3-BF4B-00C04F79EFBC}") = "03. EmployeeData", "03. EmployeeData\03. EmployeeData.csproj", "{BDCBD8B3-5B45-409A-A578-31B7BC557A65}"
EndProject
Global
	GlobalSection(SolutionConfigurationPlatforms) = preSolution
		Debug|Any CPU = Debug|Any CPU
		Release|Any CPU = Release|Any CPU
	EndGlobalSection
	GlobalSection(ProjectConfigurationPlatforms) = postSolution
		{8DCB5FE7-3AD9-46AA-975D-A7E8350ACE96}.Debug|Any CPU.ActiveCfg = Debug|Any CPU
		{8DCB5FE7-3AD9-46AA-975D-A7E8350ACE96}.Debug|Any CPU.Build.0 = Debug|Any CPU
		{8DCB5FE7-3AD9-46AA-975D-A7E8350ACE96}.Release|Any CPU.ActiveCfg = Release|Any CPU
		{8DCB5FE7-3AD9-46AA-975D-A7E8350ACE96}.Release|Any CPU.Build.0 = Release|Any CPU
		{4EAF9D94-EAD9-47D9-B666-388034A0F454}.Debug|Any CPU.ActiveCfg = Debug|Any CPU
		{4EAF9D94-EAD9-47D9-B666-388034A0F454}.Debug|Any CPU.Build.0 = Debug|Any CPU
		{4EAF9D94-EAD9-47D9-B666-388034A0F454}.Release|Any CPU.ActiveCfg = Release|Any CPU
		{4EAF9D94-EAD9-47D9-B666-388034A0F454}.Release|Any CPU.Build.0 = Release|Any CPU
		{BDCBD8B3-5B45-409A-A578-31B7BC557A65}.Debug|Any CPU.ActiveCfg = Debug|Any CPU
		{BDCBD8B3-5B45-409A-A578-31B7BC557A65}.Debug|Any CPU.Build.0 = Debug|Any CPU
		{BDCBD8B3-5B45-409A-A578-31B7BC557A65}.Release|Any CPU.ActiveCfg = Release|Any CPU
		{BDCBD8B3-5B45-409A-A578-31B7BC557A65}.Release|Any CPU.Build.0 = Release|Any CPU
	EndGlobalSection
	GlobalSection(SolutionProperties) = preSolution
		HideSolutionNode = FALSE
	EndGlobalSection
	GlobalSection(ExtensibilityGlobals) = postSolution
		SolutionGuid = {BFA0C36F-26F1-4D99-9FE1-9884100960E8}
	EndGlobalSection
EndGlobal
